
Microsoft Visual Studio Solution File, Format Version 12.00
# Visual Studio Version 17
VisualStudioVersion = 17.10.35122.118
MinimumVisualStudioVersion = 10.0.40219.1
Project("{FAE04EC0-301F-11D3-BF4B-00C04F79EFBC}") = "Exercise01", "VS_Exercise\Exercise01.csproj", "{27A44A47-A9BF-4DBF-8BF7-7B045B2EA8F0}"
EndProject
Project("{FAE04EC0-301F-11D3-BF4B-00C04F79EFBC}") = "Exercise02", "Exercise02\Exercise02.csproj", "{63D07EFC-09AA-4138-9041-9CE7E72F2BC9}"
EndProject
Project("{FAE04EC0-301F-11D3-BF4B-00C04F79EFBC}") = "Exercise03", "Exercise03\Exercise03.csproj", "{9594F239-D7EB-4330-9388-D24EFE33EEC7}"
EndProject
Project("{FAE04EC0-301F-11D3-BF4B-00C04F79EFBC}") = "Exercise04", "Exercise04\Exercise04.csproj", "{76112370-0565-40F7-B020-BCF88FF38ED6}"
EndProject
Project("{FAE04EC0-301F-11D3-BF4B-00C04F79EFBC}") = "Exercise05", "Exercise05\Exercise05.csproj", "{5AE83C56-D6A6-495F-8CFC-67B5D3836A0D}"
EndProject
Project("{FAE04EC0-301F-11D3-BF4B-00C04F79EFBC}") = "Exercise06", "Exercise06\Exercise06.csproj", "{550A82F9-FE0F-4904-BAA0-DFCA4CBFF65D}"
EndProject
Project("{FAE04EC0-301F-11D3-BF4B-00C04F79EFBC}") = "Exercise07", "Exercise07\Exercise07.csproj", "{21F94E1B-3FF1-4105-8266-FD03286CAB4C}"
EndProject
Project("{FAE04EC0-301F-11D3-BF4B-00C04F79EFBC}") = "Exercise08", "Exercise08\Exercise08.csproj", "{375C4DEA-D372-4B29-BC4D-FBAAF5D775E6}"
EndProject
Project("{FAE04EC0-301F-11D3-BF4B-00C04F79EFBC}") = "Exercise09", "Exercise09\Exercise09.csproj", "{1AC28946-5FDA-46C7-8796-43F57A78BE69}"
EndProject
Project("{FAE04EC0-301F-11D3-BF4B-00C04F79EFBC}") = "Exercise10", "Exercise10\Exercise10.csproj", "{21078889-6F4D-4F57-B181-3F27459147C7}"
EndProject
Global
	GlobalSection(SolutionConfigurationPlatforms) = preSolution
		Debug|Any CPU = Debug|Any CPU
		Release|Any CPU = Release|Any CPU
	EndGlobalSection
	GlobalSection(ProjectConfigurationPlatforms) = postSolution
		{27A44A47-A9BF-4DBF-8BF7-7B045B2EA8F0}.Debug|Any CPU.ActiveCfg = Debug|Any CPU
		{27A44A47-A9BF-4DBF-8BF7-7B045B2EA8F0}.Debug|Any CPU.Build.0 = Debug|Any CPU
		{27A44A47-A9BF-4DBF-8BF7-7B045B2EA8F0}.Release|Any CPU.ActiveCfg = Release|Any CPU
		{27A44A47-A9BF-4DBF-8BF7-7B045B2EA8F0}.Release|Any CPU.Build.0 = Release|Any CPU
		{63D07EFC-09AA-4138-9041-9CE7E72F2BC9}.Debug|Any CPU.ActiveCfg = Debug|Any CPU
		{63D07EFC-09AA-4138-9041-9CE7E72F2BC9}.Debug|Any CPU.Build.0 = Debug|Any CPU
		{63D07EFC-09AA-4138-9041-9CE7E72F2BC9}.Release|Any CPU.ActiveCfg = Release|Any CPU
		{63D07EFC-09AA-4138-9041-9CE7E72F2BC9}.Release|Any CPU.Build.0 = Release|Any CPU
		{9594F239-D7EB-4330-9388-D24EFE33EEC7}.Debug|Any CPU.ActiveCfg = Debug|Any CPU
		{9594F239-D7EB-4330-9388-D24EFE33EEC7}.Debug|Any CPU.Build.0 = Debug|Any CPU
		{9594F239-D7EB-4330-9388-D24EFE33EEC7}.Release|Any CPU.ActiveCfg = Release|Any CPU
		{9594F239-D7EB-4330-9388-D24EFE33EEC7}.Release|Any CPU.Build.0 = Release|Any CPU
		{76112370-0565-40F7-B020-BCF88FF38ED6}.Debug|Any CPU.ActiveCfg = Debug|Any CPU
		{76112370-0565-40F7-B020-BCF88FF38ED6}.Debug|Any CPU.Build.0 = Debug|Any CPU
		{76112370-0565-40F7-B020-BCF88FF38ED6}.Release|Any CPU.ActiveCfg = Release|Any CPU
		{76112370-0565-40F7-B020-BCF88FF38ED6}.Release|Any CPU.Build.0 = Release|Any CPU
		{5AE83C56-D6A6-495F-8CFC-67B5D3836A0D}.Debug|Any CPU.ActiveCfg = Debug|Any CPU
		{5AE83C56-D6A6-495F-8CFC-67B5D3836A0D}.Debug|Any CPU.Build.0 = Debug|Any CPU
		{5AE83C56-D6A6-495F-8CFC-67B5D3836A0D}.Release|Any CPU.ActiveCfg = Release|Any CPU
		{5AE83C56-D6A6-495F-8CFC-67B5D3836A0D}.Release|Any CPU.Build.0 = Release|Any CPU
		{550A82F9-FE0F-4904-BAA0-DFCA4CBFF65D}.Debug|Any CPU.ActiveCfg = Debug|Any CPU
		{550A82F9-FE0F-4904-BAA0-DFCA4CBFF65D}.Debug|Any CPU.Build.0 = Debug|Any CPU
		{550A82F9-FE0F-4904-BAA0-DFCA4CBFF65D}.Release|Any CPU.ActiveCfg = Release|Any CPU
		{550A82F9-FE0F-4904-BAA0-DFCA4CBFF65D}.Release|Any CPU.Build.0 = Release|Any CPU
		{21F94E1B-3FF1-4105-8266-FD03286CAB4C}.Debug|Any CPU.ActiveCfg = Debug|Any CPU
		{21F94E1B-3FF1-4105-8266-FD03286CAB4C}.Debug|Any CPU.Build.0 = Debug|Any CPU
		{21F94E1B-3FF1-4105-8266-FD03286CAB4C}.Release|Any CPU.ActiveCfg = Release|Any CPU
		{21F94E1B-3FF1-4105-8266-FD03286CAB4C}.Release|Any CPU.Build.0 = Release|Any CPU
		{375C4DEA-D372-4B29-BC4D-FBAAF5D775E6}.Debug|Any CPU.ActiveCfg = Debug|Any CPU
		{375C4DEA-D372-4B29-BC4D-FBAAF5D775E6}.Debug|Any CPU.Build.0 = Debug|Any CPU
		{375C4DEA-D372-4B29-BC4D-FBAAF5D775E6}.Release|Any CPU.ActiveCfg = Release|Any CPU
		{375C4DEA-D372-4B29-BC4D-FBAAF5D775E6}.Release|Any CPU.Build.0 = Release|Any CPU
		{1AC28946-5FDA-46C7-8796-43F57A78BE69}.Debug|Any CPU.ActiveCfg = Debug|Any CPU
		{1AC28946-5FDA-46C7-8796-43F57A78BE69}.Debug|Any CPU.Build.0 = Debug|Any CPU
		{1AC28946-5FDA-46C7-8796-43F57A78BE69}.Release|Any CPU.ActiveCfg = Release|Any CPU
		{1AC28946-5FDA-46C7-8796-43F57A78BE69}.Release|Any CPU.Build.0 = Release|Any CPU
		{21078889-6F4D-4F57-B181-3F27459147C7}.Debug|Any CPU.ActiveCfg = Debug|Any CPU
		{21078889-6F4D-4F57-B181-3F27459147C7}.Debug|Any CPU.Build.0 = Debug|Any CPU
		{21078889-6F4D-4F57-B181-3F27459147C7}.Release|Any CPU.ActiveCfg = Release|Any CPU
		{21078889-6F4D-4F57-B181-3F27459147C7}.Release|Any CPU.Build.0 = Release|Any CPU
	EndGlobalSection
	GlobalSection(SolutionProperties) = preSolution
		HideSolutionNode = FALSE
	EndGlobalSection
	GlobalSection(ExtensibilityGlobals) = postSolution
		SolutionGuid = {C7980656-25E6-4302-98AE-D1370A273D07}
	EndGlobalSection
EndGlobal
